{
  "nodes": {
    "home-manager": {
      "inputs": {
        "nixpkgs": [
          "nixpkgs"
        ]
      },
      "locked": {
        "lastModified": 1736373539,
        "narHash": "sha256-dinzAqCjenWDxuy+MqUQq0I4zUSfaCvN9rzuCmgMZJY=",
        "owner": "nix-community",
        "repo": "home-manager",
        "rev": "bd65bc3cde04c16755955630b344bc9e35272c56",
        "type": "github"
      },
      "original": {
        "owner": "nix-community",
        "ref": "release-24.11",
        "repo": "home-manager",
        "type": "github"
      }
    },
    "nix-darwin": {
      "inputs": {
        "nixpkgs": [
          "nixpkgs"
        ]
      },
      "locked": {
        "lastModified": 1736370755,
        "narHash": "sha256-iWcjToBpx4PUd74uqvIGAfqqVfyrvRLRauC/SxEKIF0=",
        "owner": "LnL7",
        "repo": "nix-darwin",
        "rev": "57733bd1dc81900e13438e5b4439239f1b29db0e",
        "type": "github"
      },
      "original": {
        "owner": "LnL7",
        "ref": "master",
        "repo": "nix-darwin",
        "type": "github"
      }
    },
    "nixpkgs": {
      "locked": {
        "lastModified": 1736443068,
        "narHash": "sha256-rZr6gRuExcacmqSHCibcuchkaZNj/OgvTF/ztt281jE=",
        "owner": "NixOS",
        "repo": "nixpkgs",
        "rev": "36de5c8b33aaedb28070d0d543657b8e21dbfeff",
        "type": "github"
      },
      "original": {
        "owner": "NixOS",
        "ref": "release-24.11",
        "repo": "nixpkgs",
        "type": "github"
      }
    },
    "nixpkgs-unstable": {
      "locked": {
        "lastModified": 1736241350,
        "narHash": "sha256-CHd7yhaDigUuJyDeX0SADbTM9FXfiWaeNyY34FL1wQU=",
        "owner": "NixOS",
        "repo": "nixpkgs",
        "rev": "8c9fd3e564728e90829ee7dbac6edc972971cd0f",
        "type": "github"
      },
      "original": {
        "owner": "NixOS",
        "ref": "nixpkgs-unstable",
        "repo": "nixpkgs",
        "type": "github"
      }
    },
    "root": {
      "inputs": {
        "home-manager": "home-manager",
        "nix-darwin": "nix-darwin",
        "nixpkgs": "nixpkgs",
        "nixpkgs-unstable": "nixpkgs-unstable"
      }
    }
  },
  "root": "root",
  "version": 7
}
